// !$*UTF8*$!
{
	archiveVersion = 1;
	classes = {
	};
	objectVersion = 48;
	objects = {

/* Begin PBXBuildFile section */
		9B95DDFE205FCB2C004193D4 /* AppDelegate.swift in Sources */ = {isa = PBXBuildFile; fileRef = 9B95DDFD205FCB2C004193D4 /* AppDelegate.swift */; };
		9B95DE00205FCB2C004193D4 /* ViewController.swift in Sources */ = {isa = PBXBuildFile; fileRef = 9B95DDFF205FCB2C004193D4 /* ViewController.swift */; };
		9B95DE03205FCB2C004193D4 /* Main.storyboard in Resources */ = {isa = PBXBuildFile; fileRef = 9B95DE01205FCB2C004193D4 /* Main.storyboard */; };
		9B95DE05205FCB2C004193D4 /* Assets.xcassets in Resources */ = {isa = PBXBuildFile; fileRef = 9B95DE04205FCB2C004193D4 /* Assets.xcassets */; };
		9B95DE08205FCB2C004193D4 /* LaunchScreen.storyboard in Resources */ = {isa = PBXBuildFile; fileRef = 9B95DE06205FCB2C004193D4 /* LaunchScreen.storyboard */; };
		9B95DE13205FCB2C004193D4 /* MVVMTests.swift in Sources */ = {isa = PBXBuildFile; fileRef = 9B95DE12205FCB2C004193D4 /* MVVMTests.swift */; };
		9B95DE1E205FCB2C004193D4 /* MVVMUITests.swift in Sources */ = {isa = PBXBuildFile; fileRef = 9B95DE1D205FCB2C004193D4 /* MVVMUITests.swift */; };
/* End PBXBuildFile section */

/* Begin PBXContainerItemProxy section */
		9B95DE0F205FCB2C004193D4 /* PBXContainerItemProxy */ = {
			isa = PBXContainerItemProxy;
			containerPortal = 9B95DDF2205FCB2C004193D4 /* Project object */;
			proxyType = 1;
			remoteGlobalIDString = 9B95DDF9205FCB2C004193D4;
			remoteInfo = MVVM;
		};
		9B95DE1A205FCB2C004193D4 /* PBXContainerItemProxy */ = {
			isa = PBXContainerItemProxy;
			containerPortal = 9B95DDF2205FCB2C004193D4 /* Project object */;
			proxyType = 1;
			remoteGlobalIDString = 9B95DDF9205FCB2C004193D4;
			remoteInfo = MVVM;
		};
/* End PBXContainerItemProxy section */

/* Begin PBXFileReference section */
		9B95DDFA205FCB2C004193D4 /* MVVM.app */ = {isa = PBXFileReference; explicitFileType = wrapper.application; includeInIndex = 0; path = MVVM.app; sourceTree = BUILT_PRODUCTS_DIR; };
		9B95DDFD205FCB2C004193D4 /* AppDelegate.swift */ = {isa = PBXFileReference; lastKnownFileType = sourcecode.swift; path = AppDelegate.swift; sourceTree = "<group>"; };
		9B95DDFF205FCB2C004193D4 /* ViewController.swift */ = {isa = PBXFileReference; lastKnownFileType = sourcecode.swift; path = ViewController.swift; sourceTree = "<group>"; };
		9B95DE02205FCB2C004193D4 /* Base */ = {isa = PBXFileReference; lastKnownFileType = file.storyboard; name = Base; path = Base.lproj/Main.storyboard; sourceTree = "<group>"; };
		9B95DE04205FCB2C004193D4 /* Assets.xcassets */ = {isa = PBXFileReference; lastKnownFileType = folder.assetcatalog; path = Assets.xcassets; sourceTree = "<group>"; };
		9B95DE07205FCB2C004193D4 /* Base */ = {isa = PBXFileReference; lastKnownFileType = file.storyboard; name = Base; path = Base.lproj/LaunchScreen.storyboard; sourceTree = "<group>"; };
		9B95DE09205FCB2C004193D4 /* Info.plist */ = {isa = PBXFileReference; lastKnownFileType = text.plist.xml; path = Info.plist; sourceTree = "<group>"; };
		9B95DE0E205FCB2C004193D4 /* MVVMTests.xctest */ = {isa = PBXFileReference; explicitFileType = wrapper.cfbundle; includeInIndex = 0; path = MVVMTests.xctest; sourceTree = BUILT_PRODUCTS_DIR; };
		9B95DE12205FCB2C004193D4 /* MVVMTests.swift */ = {isa = PBXFileReference; lastKnownFileType = sourcecode.swift; path = MVVMTests.swift; sourceTree = "<group>"; };
		9B95DE14205FCB2C004193D4 /* Info.plist */ = {isa = PBXFileReference; lastKnownFileType = text.plist.xml; path = Info.plist; sourceTree = "<group>"; };
		9B95DE19205FCB2C004193D4 /* MVVMUITests.xctest */ = {isa = PBXFileReference; explicitFileType = wrapper.cfbundle; includeInIndex = 0; path = MVVMUITests.xctest; sourceTree = BUILT_PRODUCTS_DIR; };
		9B95DE1D205FCB2C004193D4 /* MVVMUITests.swift */ = {isa = PBXFileReference; lastKnownFileType = sourcecode.swift; path = MVVMUITests.swift; sourceTree = "<group>"; };
		9B95DE1F205FCB2C004193D4 /* Info.plist */ = {isa = PBXFileReference; lastKnownFileType = text.plist.xml; path = Info.plist; sourceTree = "<group>"; };
/* End PBXFileReference section */

/* Begin PBXFrameworksBuildPhase section */
		9B95DDF7205FCB2C004193D4 /* Frameworks */ = {
			isa = PBXFrameworksBuildPhase;
			buildActionMask = 2147483647;
			files = (
			);
			runOnlyForDeploymentPostprocessing = 0;
		};
		9B95DE0B205FCB2C004193D4 /* Frameworks */ = {
			isa = PBXFrameworksBuildPhase;
			buildActionMask = 2147483647;
			files = (
			);
			runOnlyForDeploymentPostprocessing = 0;
		};
		9B95DE16205FCB2C004193D4 /* Frameworks */ = {
			isa = PBXFrameworksBuildPhase;
			buildActionMask = 2147483647;
			files = (
			);
			runOnlyForDeploymentPostprocessing = 0;
		};
/* End PBXFrameworksBuildPhase section */

/* Begin PBXGroup section */
		9B95DDF1205FCB2C004193D4 = {
			isa = PBXGroup;
			children = (
				9B95DDFC205FCB2C004193D4 /* MVVM */,
				9B95DE11205FCB2C004193D4 /* MVVMTests */,
				9B95DE1C205FCB2C004193D4 /* MVVMUITests */,
				9B95DDFB205FCB2C004193D4 /* Products */,
			);
			sourceTree = "<group>";
		};
		9B95DDFB205FCB2C004193D4 /* Products */ = {
			isa = PBXGroup;
			children = (
				9B95DDFA205FCB2C004193D4 /* MVVM.app */,
				9B95DE0E205FCB2C004193D4 /* MVVMTests.xctest */,
				9B95DE19205FCB2C004193D4 /* MVVMUITests.xctest */,
			);
			name = Products;
			sourceTree = "<group>";
		};
		9B95DDFC205FCB2C004193D4 /* MVVM */ = {
			isa = PBXGroup;
			children = (
				9B95DDFD205FCB2C004193D4 /* AppDelegate.swift */,
				9B95DDFF205FCB2C004193D4 /* ViewController.swift */,
				9B95DE01205FCB2C004193D4 /* Main.storyboard */,
				9B95DE04205FCB2C004193D4 /* Assets.xcassets */,
				9B95DE06205FCB2C004193D4 /* LaunchScreen.storyboard */,
				9B95DE09205FCB2C004193D4 /* Info.plist */,
			);
			path = MVVM;
			sourceTree = "<group>";
		};
		9B95DE11205FCB2C004193D4 /* MVVMTests */ = {
			isa = PBXGroup;
			children = (
				9B95DE12205FCB2C004193D4 /* MVVMTests.swift */,
				9B95DE14205FCB2C004193D4 /* Info.plist */,
			);
			path = MVVMTests;
			sourceTree = "<group>";
		};
		9B95DE1C205FCB2C004193D4 /* MVVMUITests */ = {
			isa = PBXGroup;
			children = (
				9B95DE1D205FCB2C004193D4 /* MVVMUITests.swift */,
				9B95DE1F205FCB2C004193D4 /* Info.plist */,
			);
			path = MVVMUITests;
			sourceTree = "<group>";
		};
/* End PBXGroup section */

/* Begin PBXNativeTarget section */
		9B95DDF9205FCB2C004193D4 /* MVVM */ = {
			isa = PBXNativeTarget;
			buildConfigurationList = 9B95DE22205FCB2C004193D4 /* Build configuration list for PBXNativeTarget "MVVM" */;
			buildPhases = (
				9B95DDF6205FCB2C004193D4 /* Sources */,
				9B95DDF7205FCB2C004193D4 /* Frameworks */,
				9B95DDF8205FCB2C004193D4 /* Resources */,
			);
			buildRules = (
			);
			dependencies = (
			);
			name = MVVM;
			productName = MVVM;
			productReference = 9B95DDFA205FCB2C004193D4 /* MVVM.app */;
			productType = "com.apple.product-type.application";
		};
		9B95DE0D205FCB2C004193D4 /* MVVMTests */ = {
			isa = PBXNativeTarget;
			buildConfigurationList = 9B95DE25205FCB2C004193D4 /* Build configuration list for PBXNativeTarget "MVVMTests" */;
			buildPhases = (
				9B95DE0A205FCB2C004193D4 /* Sources */,
				9B95DE0B205FCB2C004193D4 /* Frameworks */,
				9B95DE0C205FCB2C004193D4 /* Resources */,
			);
			buildRules = (
			);
			dependencies = (
				9B95DE10205FCB2C004193D4 /* PBXTargetDependency */,
			);
			name = MVVMTests;
			productName = MVVMTests;
			productReference = 9B95DE0E205FCB2C004193D4 /* MVVMTests.xctest */;
			productType = "com.apple.product-type.bundle.unit-test";
		};
		9B95DE18205FCB2C004193D4 /* MVVMUITests */ = {
			isa = PBXNativeTarget;
			buildConfigurationList = 9B95DE28205FCB2C004193D4 /* Build configuration list for PBXNativeTarget "MVVMUITests" */;
			buildPhases = (
				9B95DE15205FCB2C004193D4 /* Sources */,
				9B95DE16205FCB2C004193D4 /* Frameworks */,
				9B95DE17205FCB2C004193D4 /* Resources */,
			);
			buildRules = (
			);
			dependencies = (
				9B95DE1B205FCB2C004193D4 /* PBXTargetDependency */,
			);
			name = MVVMUITests;
			productName = MVVMUITests;
			productReference = 9B95DE19205FCB2C004193D4 /* MVVMUITests.xctest */;
			productType = "com.apple.product-type.bundle.ui-testing";
		};
/* End PBXNativeTarget section */

/* Begin PBXProject section */
		9B95DDF2205FCB2C004193D4 /* Project object */ = {
			isa = PBXProject;
			attributes = {
				LastSwiftUpdateCheck = 0910;
				LastUpgradeCheck = 0910;
				ORGANIZATIONNAME = CamilKaram;
				TargetAttributes = {
					9B95DDF9205FCB2C004193D4 = {
						CreatedOnToolsVersion = 9.1;
						ProvisioningStyle = Automatic;
					};
					9B95DE0D205FCB2C004193D4 = {
						CreatedOnToolsVersion = 9.1;
						ProvisioningStyle = Automatic;
						TestTargetID = 9B95DDF9205FCB2C004193D4;
					};
					9B95DE18205FCB2C004193D4 = {
						CreatedOnToolsVersion = 9.1;
						ProvisioningStyle = Automatic;
						TestTargetID = 9B95DDF9205FCB2C004193D4;
					};
				};
			};
			buildConfigurationList = 9B95DDF5205FCB2C004193D4 /* Build configuration list for PBXProject "MVVM" */;
			compatibilityVersion = "Xcode 8.0";
			developmentRegion = en;
			hasScannedForEncodings = 0;
			knownRegions = (
				en,
				Base,
			);
			mainGroup = 9B95DDF1205FCB2C004193D4;
			productRefGroup = 9B95DDFB205FCB2C004193D4 /* Products */;
			projectDirPath = "";
			projectRoot = "";
			targets = (
				9B95DDF9205FCB2C004193D4 /* MVVM */,
				9B95DE0D205FCB2C004193D4 /* MVVMTests */,
				9B95DE18205FCB2C004193D4 /* MVVMUITests */,
			);
		};
/* End PBXProject section */

/* Begin PBXResourcesBuildPhase section */
		9B95DDF8205FCB2C004193D4 /* Resources */ = {
			isa = PBXResourcesBuildPhase;
			buildActionMask = 2147483647;
			files = (
				9B95DE08205FCB2C004193D4 /* LaunchScreen.storyboard in Resources */,
				9B95DE05205FCB2C004193D4 /* Assets.xcassets in Resources */,
				9B95DE03205FCB2C004193D4 /* Main.storyboard in Resources */,
			);
			runOnlyForDeploymentPostprocessing = 0;
		};
		9B95DE0C205FCB2C004193D4 /* Resources */ = {
			isa = PBXResourcesBuildPhase;
			buildActionMask = 2147483647;
			files = (
			);
			runOnlyForDeploymentPostprocessing = 0;
		};
		9B95DE17205FCB2C004193D4 /* Resources */ = {
			isa = PBXResourcesBuildPhase;
			buildActionMask = 2147483647;
			files = (
			);
			runOnlyForDeploymentPostprocessing = 0;
		};
/* End PBXResourcesBuildPhase section */

/* Begin PBXSourcesBuildPhase section */
		9B95DDF6205FCB2C004193D4 /* Sources */ = {
			isa = PBXSourcesBuildPhase;
			buildActionMask = 2147483647;
			files = (
				9B95DE00205FCB2C004193D4 /* ViewController.swift in Sources */,
				9B95DDFE205FCB2C004193D4 /* AppDelegate.swift in Sources */,
			);
			runOnlyForDeploymentPostprocessing = 0;
		};
		9B95DE0A205FCB2C004193D4 /* Sources */ = {
			isa = PBXSourcesBuildPhase;
			buildActionMask = 2147483647;
			files = (
				9B95DE13205FCB2C004193D4 /* MVVMTests.swift in Sources */,
			);
			runOnlyForDeploymentPostprocessing = 0;
		};
		9B95DE15205FCB2C004193D4 /* Sources */ = {
			isa = PBXSourcesBuildPhase;
			buildActionMask = 2147483647;
			files = (
				9B95DE1E205FCB2C004193D4 /* MVVMUITests.swift in Sources */,
			);
			runOnlyForDeploymentPostprocessing = 0;
		};
/* End PBXSourcesBuildPhase section */

/* Begin PBXTargetDependency section */
		9B95DE10205FCB2C004193D4 /* PBXTargetDependency */ = {
			isa = PBXTargetDependency;
			target = 9B95DDF9205FCB2C004193D4 /* MVVM */;
			targetProxy = 9B95DE0F205FCB2C004193D4 /* PBXContainerItemProxy */;
		};
		9B95DE1B205FCB2C004193D4 /* PBXTargetDependency */ = {
			isa = PBXTargetDependency;
			target = 9B95DDF9205FCB2C004193D4 /* MVVM */;
			targetProxy = 9B95DE1A205FCB2C004193D4 /* PBXContainerItemProxy */;
		};
/* End PBXTargetDependency section */

/* Begin PBXVariantGroup section */
		9B95DE01205FCB2C004193D4 /* Main.storyboard */ = {
			isa = PBXVariantGroup;
			children = (
				9B95DE02205FCB2C004193D4 /* Base */,
			);
			name = Main.storyboard;
			sourceTree = "<group>";
		};
		9B95DE06205FCB2C004193D4 /* LaunchScreen.storyboard */ = {
			isa = PBXVariantGroup;
			children = (
				9B95DE07205FCB2C004193D4 /* Base */,
			);
			name = LaunchScreen.storyboard;
			sourceTree = "<group>";
		};
/* End PBXVariantGroup section */

/* Begin XCBuildConfiguration section */
		9B95DE20205FCB2C004193D4 /* Debug */ = {
			isa = XCBuildConfiguration;
			buildSettings = {
				ALWAYS_SEARCH_USER_PATHS = NO;
				CLANG_ANALYZER_NONNULL = YES;
				CLANG_ANALYZER_NUMBER_OBJECT_CONVERSION = YES_AGGRESSIVE;
				CLANG_CXX_LANGUAGE_STANDARD = "gnu++14";
				CLANG_CXX_LIBRARY = "libc++";
				CLANG_ENABLE_MODULES = YES;
				CLANG_ENABLE_OBJC_ARC = YES;
				CLANG_WARN_BLOCK_CAPTURE_AUTORELEASING = YES;
				CLANG_WARN_BOOL_CONVERSION = YES;
				CLANG_WARN_COMMA = YES;
				CLANG_WARN_CONSTANT_CONVERSION = YES;
				CLANG_WARN_DIRECT_OBJC_ISA_USAGE = YES_ERROR;
				CLANG_WARN_DOCUMENTATION_COMMENTS = YES;
				CLANG_WARN_EMPTY_BODY = YES;
				CLANG_WARN_ENUM_CONVERSION = YES;
				CLANG_WARN_INFINITE_RECURSION = YES;
				CLANG_WARN_INT_CONVERSION = YES;
				CLANG_WARN_NON_LITERAL_NULL_CONVERSION = YES;
				CLANG_WARN_OBJC_LITERAL_CONVERSION = YES;
				CLANG_WARN_OBJC_ROOT_CLASS = YES_ERROR;
				CLANG_WARN_RANGE_LOOP_ANALYSIS = YES;
				CLANG_WARN_STRICT_PROTOTYPES = YES;
				CLANG_WARN_SUSPICIOUS_MOVE = YES;
				CLANG_WARN_UNGUARDED_AVAILABILITY = YES_AGGRESSIVE;
				CLANG_WARN_UNREACHABLE_CODE = YES;
				CLANG_WARN__DUPLICATE_METHOD_MATCH = YES;
				CODE_SIGN_IDENTITY = "iPhone Developer";
				COPY_PHASE_STRIP = NO;
				DEBUG_INFORMATION_FORMAT = dwarf;
				ENABLE_STRICT_OBJC_MSGSEND = YES;
				ENABLE_TESTABILITY = YES;
				GCC_C_LANGUAGE_STANDARD = gnu11;
				GCC_DYNAMIC_NO_PIC = NO;
				GCC_NO_COMMON_BLOCKS = YES;
				GCC_OPTIMIZATION_LEVEL = 0;
				GCC_PREPROCESSOR_DEFINITIONS = (
					"DEBUG=1",
					"$(inherited)",
				);
				GCC_WARN_64_TO_32_BIT_CONVERSION = YES;
				GCC_WARN_ABOUT_RETURN_TYPE = YES_ERROR;
				GCC_WARN_UNDECLARED_SELECTOR = YES;
				GCC_WARN_UNINITIALIZED_AUTOS = YES_AGGRESSIVE;
				GCC_WARN_UNUSED_FUNCTION = YES;
				GCC_WARN_UNUSED_VARIABLE = YES;
				IPHONEOS_DEPLOYMENT_TARGET = 11.1;
				MTL_ENABLE_DEBUG_INFO = YES;
				ONLY_ACTIVE_ARCH = YES;
				SDKROOT = iphoneos;
				SWIFT_ACTIVE_COMPILATION_CONDITIONS = DEBUG;
				SWIFT_OPTIMIZATION_LEVEL = "-Onone";
			};
			name = Debug;
		};
		9B95DE21205FCB2C004193D4 /* Release */ = {
			isa = XCBuildConfiguration;
			buildSettings = {
				ALWAYS_SEARCH_USER_PATHS = NO;
				CLANG_ANALYZER_NONNULL = YES;
				CLANG_ANALYZER_NUMBER_OBJECT_CONVERSION = YES_AGGRESSIVE;
				CLANG_CXX_LANGUAGE_STANDARD = "gnu++14";
				CLANG_CXX_LIBRARY = "libc++";
				CLANG_ENABLE_MODULES = YES;
				CLANG_ENABLE_OBJC_ARC = YES;
				CLANG_WARN_BLOCK_CAPTURE_AUTORELEASING = YES;
				CLANG_WARN_BOOL_CONVERSION = YES;
				CLANG_WARN_COMMA = YES;
				CLANG_WARN_CONSTANT_CONVERSION = YES;
				CLANG_WARN_DIRECT_OBJC_ISA_USAGE = YES_ERROR;
				CLANG_WARN_DOCUMENTATION_COMMENTS = YES;
				CLANG_WARN_EMPTY_BODY = YES;
				CLANG_WARN_ENUM_CONVERSION = YES;
				CLANG_WARN_INFINITE_RECURSION = YES;
				CLANG_WARN_INT_CONVERSION = YES;
				CLANG_WARN_NON_LITERAL_NULL_CONVERSION = YES;
				CLANG_WARN_OBJC_LITERAL_CONVERSION = YES;
				CLANG_WARN_OBJC_ROOT_CLASS = YES_ERROR;
				CLANG_WARN_RANGE_LOOP_ANALYSIS = YES;
				CLANG_WARN_STRICT_PROTOTYPES = YES;
				CLANG_WARN_SUSPICIOUS_MOVE = YES;
				CLANG_WARN_UNGUARDED_AVAILABILITY = YES_AGGRESSIVE;
				CLANG_WARN_UNREACHABLE_CODE = YES;
				CLANG_WARN__DUPLICATE_METHOD_MATCH = YES;
				CODE_SIGN_IDENTITY = "iPhone Developer";
				COPY_PHASE_STRIP = NO;
				DEBUG_INFORMATION_FORMAT = "dwarf-with-dsym";
				ENABLE_NS_ASSERTIONS = NO;
				ENABLE_STRICT_OBJC_MSGSEND = YES;
				GCC_C_LANGUAGE_STANDARD = gnu11;
				GCC_NO_COMMON_BLOCKS = YES;
				GCC_WARN_64_TO_32_BIT_CONVERSION = YES;
				GCC_WARN_ABOUT_RETURN_TYPE = YES_ERROR;
				GCC_WARN_UNDECLARED_SELECTOR = YES;
				GCC_WARN_UNINITIALIZED_AUTOS = YES_AGGRESSIVE;
				GCC_WARN_UNUSED_FUNCTION = YES;
				GCC_WARN_UNUSED_VARIABLE = YES;
				IPHONEOS_DEPLOYMENT_TARGET = 11.1;
				MTL_ENABLE_DEBUG_INFO = NO;
				SDKROOT = iphoneos;
				SWIFT_OPTIMIZATION_LEVEL = "-Owholemodule";
				VALIDATE_PRODUCT = YES;
			};
			name = Release;
		};
		9B95DE23205FCB2C004193D4 /* Debug */ = {
			isa = XCBuildConfiguration;
			buildSettings = {
				ASSETCATALOG_COMPILER_APPICON_NAME = AppIcon;
				CODE_SIGN_STYLE = Automatic;
				DEVELOPMENT_TEAM = V3E4PZ9JV7;
				INFOPLIST_FILE = MVVM/Info.plist;
				LD_RUNPATH_SEARCH_PATHS = "$(inherited) @executable_path/Frameworks";
				PRODUCT_BUNDLE_IDENTIFIER = com.iOS.MVVM;
				PRODUCT_NAME = "$(TARGET_NAME)";
				SWIFT_VERSION = 4.0;
				TARGETED_DEVICE_FAMILY = "1,2";
			};
			name = Debug;
		};
		9B95DE24205FCB2C004193D4 /* Release */ = {
			isa = XCBuildConfiguration;
			buildSettings = {
				ASSETCATALOG_COMPILER_APPICON_NAME = AppIcon;
				CODE_SIGN_STYLE = Automatic;
				DEVELOPMENT_TEAM = V3E4PZ9JV7;
				INFOPLIST_FILE = MVVM/Info.plist;
				LD_RUNPATH_SEARCH_PATHS = "$(inherited) @executable_path/Frameworks";
				PRODUCT_BUNDLE_IDENTIFIER = com.iOS.MVVM;
				PRODUCT_NAME = "$(TARGET_NAME)";
				SWIFT_VERSION = 4.0;
				TARGETED_DEVICE_FAMILY = "1,2";
			};
			name = Release;
		};
		9B95DE26205FCB2C004193D4 /* Debug */ = {
			isa = XCBuildConfiguration;
			buildSettings = {
				ALWAYS_EMBED_SWIFT_STANDARD_LIBRARIES = YES;
				BUNDLE_LOADER = "$(TEST_HOST)";
				CODE_SIGN_STYLE = Automatic;
				DEVELOPMENT_TEAM = V3E4PZ9JV7;
				INFOPLIST_FILE = MVVMTests/Info.plist;
				LD_RUNPATH_SEARCH_PATHS = "$(inherited) @executable_path/Frameworks @loader_path/Frameworks";
				PRODUCT_BUNDLE_IDENTIFIER = com.iOS.MVVMTests;
				PRODUCT_NAME = "$(TARGET_NAME)";
				SWIFT_VERSION = 4.0;
				TARGETED_DEVICE_FAMILY = "1,2";
				TEST_HOST = "$(BUILT_PRODUCTS_DIR)/MVVM.app/MVVM";
			};
			name = Debug;
		};
		9B95DE27205FCB2C004193D4 /* Release */ = {
			isa = XCBuildConfiguration;
			buildSettings = {
				ALWAYS_EMBED_SWIFT_STANDARD_LIBRARIES = YES;
				BUNDLE_LOADER = "$(TEST_HOST)";
				CODE_SIGN_STYLE = Automatic;
				DEVELOPMENT_TEAM = V3E4PZ9JV7;
				INFOPLIST_FILE = MVVMTests/Info.plist;
				LD_RUNPATH_SEARCH_PATHS = "$(inherited) @executable_path/Frameworks @loader_path/Frameworks";
				PRODUCT_BUNDLE_IDENTIFIER = com.iOS.MVVMTests;
				PRODUCT_NAME = "$(TARGET_NAME)";
				SWIFT_VERSION = 4.0;
				TARGETED_DEVICE_FAMILY = "1,2";
				TEST_HOST = "$(BUILT_PRODUCTS_DIR)/MVVM.app/MVVM";
			};
			name = Release;
		};
		9B95DE29205FCB2C004193D4 /* Debug */ = {
			isa = XCBuildConfiguration;
			buildSettings = {
				ALWAYS_EMBED_SWIFT_STANDARD_LIBRARIES = YES;
				CODE_SIGN_STYLE = Automatic;
				DEVELOPMENT_TEAM = V3E4PZ9JV7;
				INFOPLIST_FILE = MVVMUITests/Info.plist;
				LD_RUNPATH_SEARCH_PATHS = "$(inherited) @executable_path/Frameworks @loader_path/Frameworks";
				PRODUCT_BUNDLE_IDENTIFIER = com.iOS.MVVMUITests;
				PRODUCT_NAME = "$(TARGET_NAME)";
				SWIFT_VERSION = 4.0;
				TARGETED_DEVICE_FAMILY = "1,2";
				TEST_TARGET_NAME = MVVM;
			};
			name = Debug;
		};
		9B95DE2A205FCB2C004193D4 /* Release */ = {
			isa = XCBuildConfiguration;
			buildSettings = {
				ALWAYS_EMBED_SWIFT_STANDARD_LIBRARIES = YES;
				CODE_SIGN_STYLE = Automatic;
				DEVELOPMENT_TEAM = V3E4PZ9JV7;
				INFOPLIST_FILE = MVVMUITests/Info.plist;
				LD_RUNPATH_SEARCH_PATHS = "$(inherited) @executable_path/Frameworks @loader_path/Frameworks";
				PRODUCT_BUNDLE_IDENTIFIER = com.iOS.MVVMUITests;
				PRODUCT_NAME = "$(TARGET_NAME)";
				SWIFT_VERSION = 4.0;
				TARGETED_DEVICE_FAMILY = "1,2";
				TEST_TARGET_NAME = MVVM;
			};
			name = Release;
		};
/* End XCBuildConfiguration section */

/* Begin XCConfigurationList section */
		9B95DDF5205FCB2C004193D4 /* Build configuration list for PBXProject "MVVM" */ = {
			isa = XCConfigurationList;
			buildConfigurations = (
				9B95DE20205FCB2C004193D4 /* Debug */,
				9B95DE21205FCB2C004193D4 /* Release */,
			);
			defaultConfigurationIsVisible = 0;
			defaultConfigurationName = Release;
		};
		9B95DE22205FCB2C004193D4 /* Build configuration list for PBXNativeTarget "MVVM" */ = {
			isa = XCConfigurationList;
			buildConfigurations = (
				9B95DE23205FCB2C004193D4 /* Debug */,
				9B95DE24205FCB2C004193D4 /* Release */,
			);
			defaultConfigurationIsVisible = 0;
			defaultConfigurationName = Release;
		};
		9B95DE25205FCB2C004193D4 /* Build configuration list for PBXNativeTarget "MVVMTests" */ = {
			isa = XCConfigurationList;
			buildConfigurations = (
				9B95DE26205FCB2C004193D4 /* Debug */,
				9B95DE27205FCB2C004193D4 /* Release */,
			);
			defaultConfigurationIsVisible = 0;
			defaultConfigurationName = Release;
		};
		9B95DE28205FCB2C004193D4 /* Build configuration list for PBXNativeTarget "MVVMUITests" */ = {
			isa = XCConfigurationList;
			buildConfigurations = (
				9B95DE29205FCB2C004193D4 /* Debug */,
				9B95DE2A205FCB2C004193D4 /* Release */,
			);
			defaultConfigurationIsVisible = 0;
			defaultConfigurationName = Release;
		};
/* End XCConfigurationList section */
	};
	rootObject = 9B95DDF2205FCB2C004193D4 /* Project object */;
}
